// !$*UTF8*$!
{
	archiveVersion = 1;
	classes = {
	};
	objectVersion = 50;
	objects = {

/* Begin PBXBuildFile section */
		063DE61C218B4599006F3E17 /* AppDelegate.swift in Sources */ = {isa = PBXBuildFile; fileRef = 063DE61B218B4599006F3E17 /* AppDelegate.swift */; };
		063DE61E218B4599006F3E17 /* DrawingViewController.swift in Sources */ = {isa = PBXBuildFile; fileRef = 063DE61D218B4599006F3E17 /* DrawingViewController.swift */; };
		063DE621218B4599006F3E17 /* Main.storyboard in Resources */ = {isa = PBXBuildFile; fileRef = 063DE61F218B4599006F3E17 /* Main.storyboard */; };
		063DE623218B459A006F3E17 /* Assets.xcassets in Resources */ = {isa = PBXBuildFile; fileRef = 063DE622218B459A006F3E17 /* Assets.xcassets */; };
		063DE626218B459A006F3E17 /* LaunchScreen.storyboard in Resources */ = {isa = PBXBuildFile; fileRef = 063DE624218B459A006F3E17 /* LaunchScreen.storyboard */; };
/* End PBXBuildFile section */

/* Begin PBXFileReference section */
		063DE618218B4599006F3E17 /* DrawingProject.app */ = {isa = PBXFileReference; explicitFileType = wrapper.application; includeInIndex = 0; path = DrawingProject.app; sourceTree = BUILT_PRODUCTS_DIR; };
		063DE61B218B4599006F3E17 /* AppDelegate.swift */ = {isa = PBXFileReference; lastKnownFileType = sourcecode.swift; path = AppDelegate.swift; sourceTree = "<group>"; };
		063DE61D218B4599006F3E17 /* DrawingViewController.swift */ = {isa = PBXFileReference; lastKnownFileType = sourcecode.swift; path = DrawingViewController.swift; sourceTree = "<group>"; };
		063DE620218B4599006F3E17 /* Base */ = {isa = PBXFileReference; lastKnownFileType = file.storyboard; name = Base; path = Base.lproj/Main.storyboard; sourceTree = "<group>"; };
		063DE622218B459A006F3E17 /* Assets.xcassets */ = {isa = PBXFileReference; lastKnownFileType = folder.assetcatalog; path = Assets.xcassets; sourceTree = "<group>"; };
		063DE625218B459A006F3E17 /* Base */ = {isa = PBXFileReference; lastKnownFileType = file.storyboard; name = Base; path = Base.lproj/LaunchScreen.storyboard; sourceTree = "<group>"; };
		063DE627218B459A006F3E17 /* Info.plist */ = {isa = PBXFileReference; lastKnownFileType = text.plist.xml; path = Info.plist; sourceTree = "<group>"; };
/* End PBXFileReference section */

/* Begin PBXFrameworksBuildPhase section */
		063DE615218B4599006F3E17 /* Frameworks */ = {
			isa = PBXFrameworksBuildPhase;
			buildActionMask = 2147483647;
			files = (
			);
			runOnlyForDeploymentPostprocessing = 0;
		};
/* End PBXFrameworksBuildPhase section */

/* Begin PBXGroup section */
		063DE60F218B4599006F3E17 = {
			isa = PBXGroup;
			children = (
				063DE61A218B4599006F3E17 /* DrawingProject */,
				063DE619218B4599006F3E17 /* Products */,
			);
			sourceTree = "<group>";
		};
		063DE619218B4599006F3E17 /* Products */ = {
			isa = PBXGroup;
			children = (
				063DE618218B4599006F3E17 /* DrawingProject.app */,
			);
			name = Products;
			sourceTree = "<group>";
		};
		063DE61A218B4599006F3E17 /* DrawingProject */ = {
			isa = PBXGroup;
			children = (
				063DE630218B45AA006F3E17 /* Model */,
				063DE62F218B45A8006F3E17 /* Controller */,
				063DE62E218B45A5006F3E17 /* View */,
				063DE62D218B45A0006F3E17 /* Resources */,
			);
			path = DrawingProject;
			sourceTree = "<group>";
		};
		063DE62D218B45A0006F3E17 /* Resources */ = {
			isa = PBXGroup;
			children = (
				063DE627218B459A006F3E17 /* Info.plist */,
				063DE622218B459A006F3E17 /* Assets.xcassets */,
				063DE61B218B4599006F3E17 /* AppDelegate.swift */,
			);
			path = Resources;
			sourceTree = "<group>";
		};
		063DE62E218B45A5006F3E17 /* View */ = {
			isa = PBXGroup;
			children = (
				063DE624218B459A006F3E17 /* LaunchScreen.storyboard */,
				063DE61F218B4599006F3E17 /* Main.storyboard */,
			);
			path = View;
			sourceTree = "<group>";
		};
		063DE62F218B45A8006F3E17 /* Controller */ = {
			isa = PBXGroup;
			children = (
				063DE61D218B4599006F3E17 /* DrawingViewController.swift */,
			);
			path = Controller;
			sourceTree = "<group>";
		};
		063DE630218B45AA006F3E17 /* Model */ = {
			isa = PBXGroup;
			children = (
			);
			path = Model;
			sourceTree = "<group>";
		};
/* End PBXGroup section */

/* Begin PBXNativeTarget section */
		063DE617218B4599006F3E17 /* DrawingProject */ = {
			isa = PBXNativeTarget;
			buildConfigurationList = 063DE62A218B459A006F3E17 /* Build configuration list for PBXNativeTarget "DrawingProject" */;
			buildPhases = (
				063DE614218B4599006F3E17 /* Sources */,
				063DE615218B4599006F3E17 /* Frameworks */,
				063DE616218B4599006F3E17 /* Resources */,
			);
			buildRules = (
			);
			dependencies = (
			);
			name = DrawingProject;
			productName = DrawingProject;
			productReference = 063DE618218B4599006F3E17 /* DrawingProject.app */;
			productType = "com.apple.product-type.application";
		};
/* End PBXNativeTarget section */

/* Begin PBXProject section */
		063DE610218B4599006F3E17 /* Project object */ = {
			isa = PBXProject;
			attributes = {
				LastSwiftUpdateCheck = 0940;
				LastUpgradeCheck = 0940;
				ORGANIZATIONNAME = CTEC;
				TargetAttributes = {
					063DE617218B4599006F3E17 = {
						CreatedOnToolsVersion = 9.4.1;
					};
				};
			};
			buildConfigurationList = 063DE613218B4599006F3E17 /* Build configuration list for PBXProject "DrawingProject" */;
			compatibilityVersion = "Xcode 9.3";
			developmentRegion = en;
			hasScannedForEncodings = 0;
			knownRegions = (
				en,
				Base,
			);
			mainGroup = 063DE60F218B4599006F3E17;
			productRefGroup = 063DE619218B4599006F3E17 /* Products */;
			projectDirPath = "";
			projectRoot = "";
			targets = (
				063DE617218B4599006F3E17 /* DrawingProject */,
			);
		};
/* End PBXProject section */

/* Begin PBXResourcesBuildPhase section */
		063DE616218B4599006F3E17 /* Resources */ = {
			isa = PBXResourcesBuildPhase;
			buildActionMask = 2147483647;
			files = (
				063DE626218B459A006F3E17 /* LaunchScreen.storyboard in Resources */,
				063DE623218B459A006F3E17 /* Assets.xcassets in Resources */,
				063DE621218B4599006F3E17 /* Main.storyboard in Resources */,
			);
			runOnlyForDeploymentPostprocessing = 0;
		};
/* End PBXResourcesBuildPhase section */

/* Begin PBXSourcesBuildPhase section */
		063DE614218B4599006F3E17 /* Sources */ = {
			isa = PBXSourcesBuildPhase;
			buildActionMask = 2147483647;
			files = (
				063DE61E218B4599006F3E17 /* DrawingViewController.swift in Sources */,
				063DE61C218B4599006F3E17 /* AppDelegate.swift in Sources */,
			);
			runOnlyForDeploymentPostprocessing = 0;
		};
/* End PBXSourcesBuildPhase section */

/* Begin PBXVariantGroup section */
		063DE61F218B4599006F3E17 /* Main.storyboard */ = {
			isa = PBXVariantGroup;
			children = (
				063DE620218B4599006F3E17 /* Base */,
			);
			name = Main.storyboard;
			sourceTree = "<group>";
		};
		063DE624218B459A006F3E17 /* LaunchScreen.storyboard */ = {
			isa = PBXVariantGroup;
			children = (
				063DE625218B459A006F3E17 /* Base */,
			);
			name = LaunchScreen.storyboard;
			sourceTree = "<group>";
		};
/* End PBXVariantGroup section */

/* Begin XCBuildConfiguration section */
		063DE628218B459A006F3E17 /* Debug */ = {
			isa = XCBuildConfiguration;
			buildSettings = {
				ALWAYS_SEARCH_USER_PATHS = NO;
				CLANG_ANALYZER_NONNULL = YES;
				CLANG_ANALYZER_NUMBER_OBJECT_CONVERSION = YES_AGGRESSIVE;
				CLANG_CXX_LANGUAGE_STANDARD = "gnu++14";
				CLANG_CXX_LIBRARY = "libc++";
				CLANG_ENABLE_MODULES = YES;
				CLANG_ENABLE_OBJC_ARC = YES;
				CLANG_ENABLE_OBJC_WEAK = YES;
				CLANG_WARN_BLOCK_CAPTURE_AUTORELEASING = YES;
				CLANG_WARN_BOOL_CONVERSION = YES;
				CLANG_WARN_COMMA = YES;
				CLANG_WARN_CONSTANT_CONVERSION = YES;
				CLANG_WARN_DEPRECATED_OBJC_IMPLEMENTATIONS = YES;
				CLANG_WARN_DIRECT_OBJC_ISA_USAGE = YES_ERROR;
				CLANG_WARN_DOCUMENTATION_COMMENTS = YES;
				CLANG_WARN_EMPTY_BODY = YES;
				CLANG_WARN_ENUM_CONVERSION = YES;
				CLANG_WARN_INFINITE_RECURSION = YES;
				CLANG_WARN_INT_CONVERSION = YES;
				CLANG_WARN_NON_LITERAL_NULL_CONVERSION = YES;
				CLANG_WARN_OBJC_IMPLICIT_RETAIN_SELF = YES;
				CLANG_WARN_OBJC_LITERAL_CONVERSION = YES;
				CLANG_WARN_OBJC_ROOT_CLASS = YES_ERROR;
				CLANG_WARN_RANGE_LOOP_ANALYSIS = YES;
				CLANG_WARN_STRICT_PROTOTYPES = YES;
				CLANG_WARN_SUSPICIOUS_MOVE = YES;
				CLANG_WARN_UNGUARDED_AVAILABILITY = YES_AGGRESSIVE;
				CLANG_WARN_UNREACHABLE_CODE = YES;
				CLANG_WARN__DUPLICATE_METHOD_MATCH = YES;
				CODE_SIGN_IDENTITY = "iPhone Developer";
				COPY_PHASE_STRIP = NO;
				DEBUG_INFORMATION_FORMAT = dwarf;
				ENABLE_STRICT_OBJC_MSGSEND = YES;
				ENABLE_TESTABILITY = YES;
				GCC_C_LANGUAGE_STANDARD = gnu11;
				GCC_DYNAMIC_NO_PIC = NO;
				GCC_NO_COMMON_BLOCKS = YES;
				GCC_OPTIMIZATION_LEVEL = 0;
				GCC_PREPROCESSOR_DEFINITIONS = (
					"DEBUG=1",
					"$(inherited)",
				);
				GCC_WARN_64_TO_32_BIT_CONVERSION = YES;
				GCC_WARN_ABOUT_RETURN_TYPE = YES_ERROR;
				GCC_WARN_UNDECLARED_SELECTOR = YES;
				GCC_WARN_UNINITIALIZED_AUTOS = YES_AGGRESSIVE;
				GCC_WARN_UNUSED_FUNCTION = YES;
				GCC_WARN_UNUSED_VARIABLE = YES;
				IPHONEOS_DEPLOYMENT_TARGET = 11.4;
				MTL_ENABLE_DEBUG_INFO = YES;
				ONLY_ACTIVE_ARCH = YES;
				SDKROOT = iphoneos;
				SWIFT_ACTIVE_COMPILATION_CONDITIONS = DEBUG;
				SWIFT_OPTIMIZATION_LEVEL = "-Onone";
			};
			name = Debug;
		};
		063DE629218B459A006F3E17 /* Release */ = {
			isa = XCBuildConfiguration;
			buildSettings = {
				ALWAYS_SEARCH_USER_PATHS = NO;
				CLANG_ANALYZER_NONNULL = YES;
				CLANG_ANALYZER_NUMBER_OBJECT_CONVERSION = YES_AGGRESSIVE;
				CLANG_CXX_LANGUAGE_STANDARD = "gnu++14";
				CLANG_CXX_LIBRARY = "libc++";
				CLANG_ENABLE_MODULES = YES;
				CLANG_ENABLE_OBJC_ARC = YES;
				CLANG_ENABLE_OBJC_WEAK = YES;
				CLANG_WARN_BLOCK_CAPTURE_AUTORELEASING = YES;
				CLANG_WARN_BOOL_CONVERSION = YES;
				CLANG_WARN_COMMA = YES;
				CLANG_WARN_CONSTANT_CONVERSION = YES;
				CLANG_WARN_DEPRECATED_OBJC_IMPLEMENTATIONS = YES;
				CLANG_WARN_DIRECT_OBJC_ISA_USAGE = YES_ERROR;
				CLANG_WARN_DOCUMENTATION_COMMENTS = YES;
				CLANG_WARN_EMPTY_BODY = YES;
				CLANG_WARN_ENUM_CONVERSION = YES;
				CLANG_WARN_INFINITE_RECURSION = YES;
				CLANG_WARN_INT_CONVERSION = YES;
				CLANG_WARN_NON_LITERAL_NULL_CONVERSION = YES;
				CLANG_WARN_OBJC_IMPLICIT_RETAIN_SELF = YES;
				CLANG_WARN_OBJC_LITERAL_CONVERSION = YES;
				CLANG_WARN_OBJC_ROOT_CLASS = YES_ERROR;
				CLANG_WARN_RANGE_LOOP_ANALYSIS = YES;
				CLANG_WARN_STRICT_PROTOTYPES = YES;
				CLANG_WARN_SUSPICIOUS_MOVE = YES;
				CLANG_WARN_UNGUARDED_AVAILABILITY = YES_AGGRESSIVE;
				CLANG_WARN_UNREACHABLE_CODE = YES;
				CLANG_WARN__DUPLICATE_METHOD_MATCH = YES;
				CODE_SIGN_IDENTITY = "iPhone Developer";
				COPY_PHASE_STRIP = NO;
				DEBUG_INFORMATION_FORMAT = "dwarf-with-dsym";
				ENABLE_NS_ASSERTIONS = NO;
				ENABLE_STRICT_OBJC_MSGSEND = YES;
				GCC_C_LANGUAGE_STANDARD = gnu11;
				GCC_NO_COMMON_BLOCKS = YES;
				GCC_WARN_64_TO_32_BIT_CONVERSION = YES;
				GCC_WARN_ABOUT_RETURN_TYPE = YES_ERROR;
				GCC_WARN_UNDECLARED_SELECTOR = YES;
				GCC_WARN_UNINITIALIZED_AUTOS = YES_AGGRESSIVE;
				GCC_WARN_UNUSED_FUNCTION = YES;
				GCC_WARN_UNUSED_VARIABLE = YES;
				IPHONEOS_DEPLOYMENT_TARGET = 11.4;
				MTL_ENABLE_DEBUG_INFO = NO;
				SDKROOT = iphoneos;
				SWIFT_COMPILATION_MODE = wholemodule;
				SWIFT_OPTIMIZATION_LEVEL = "-O";
				VALIDATE_PRODUCT = YES;
			};
			name = Release;
		};
		063DE62B218B459A006F3E17 /* Debug */ = {
			isa = XCBuildConfiguration;
			buildSettings = {
				ASSETCATALOG_COMPILER_APPICON_NAME = AppIcon;
				CODE_SIGN_STYLE = Automatic;
				INFOPLIST_FILE = DrawingProject/Info.plist;
				LD_RUNPATH_SEARCH_PATHS = (
					"$(inherited)",
					"@executable_path/Frameworks",
				);
				PRODUCT_BUNDLE_IDENTIFIER = CTEC.DrawingProject;
				PRODUCT_NAME = "$(TARGET_NAME)";
				SWIFT_VERSION = 4.0;
				TARGETED_DEVICE_FAMILY = "1,2";
			};
			name = Debug;
		};
		063DE62C218B459A006F3E17 /* Release */ = {
			isa = XCBuildConfiguration;
			buildSettings = {
				ASSETCATALOG_COMPILER_APPICON_NAME = AppIcon;
				CODE_SIGN_STYLE = Automatic;
				INFOPLIST_FILE = DrawingProject/Info.plist;
				LD_RUNPATH_SEARCH_PATHS = (
					"$(inherited)",
					"@executable_path/Frameworks",
				);
				PRODUCT_BUNDLE_IDENTIFIER = CTEC.DrawingProject;
				PRODUCT_NAME = "$(TARGET_NAME)";
				SWIFT_VERSION = 4.0;
				TARGETED_DEVICE_FAMILY = "1,2";
			};
			name = Release;
		};
/* End XCBuildConfiguration section */

/* Begin XCConfigurationList section */
		063DE613218B4599006F3E17 /* Build configuration list for PBXProject "DrawingProject" */ = {
			isa = XCConfigurationList;
			buildConfigurations = (
				063DE628218B459A006F3E17 /* Debug */,
				063DE629218B459A006F3E17 /* Release */,
			);
			defaultConfigurationIsVisible = 0;
			defaultConfigurationName = Release;
		};
		063DE62A218B459A006F3E17 /* Build configuration list for PBXNativeTarget "DrawingProject" */ = {
			isa = XCConfigurationList;
			buildConfigurations = (
				063DE62B218B459A006F3E17 /* Debug */,
				063DE62C218B459A006F3E17 /* Release */,
			);
			defaultConfigurationIsVisible = 0;
			defaultConfigurationName = Release;
		};
/* End XCConfigurationList section */
	};
	rootObject = 063DE610218B4599006F3E17 /* Project object */;
}
